{
  "version": 4,
  "terraform_version": "1.15.6",
  "serial": 17,
  "lineage": "50ead559-8982-28d2-6d36-6042de706ac8",
  "outputs": {
    "eventbridge_rule_arns": {
      "value": {
        "hourly_check": "arn:aws:events:ap-northeast-1:631534400818:rule/cpgm-hourly-check",
        "main_scheduler": "arn:aws:events:ap-northeast-1:631534400818:rule/cpgm-scheduler"
      },
      "type": [
        "object",
        {
          "hourly_check": "string",
          "main_scheduler": "string"
        }
      ]
    },
    "eventbridge_rule_names": {
      "value": {
        "hourly_check": "cpgm-hourly-check",
        "main_scheduler": "cpgm-scheduler"
      },
      "type": [
        "object",
        {
          "hourly_check": "string",
          "main_scheduler": "string"
        }
      ]
    },
    "lambda_names": {
      "value": {
        "email_delivery": "cpgm-prod-lambda-email-delivery",
        "quality_check": "cpgm-prod-lambda-quality-check"
      },
      "type": [
        "object",
        {
          "email_delivery": "string",
          "quality_check": "string"
        }
      ]
    },
    "scheduler_group_arn": {
      "value": "arn:aws:scheduler:ap-northeast-1:631534400818:schedule-group/cpgm-prod-schedules",
      "type": "string"
    },
    "scheduler_group_name": {
      "value": "cpgm-prod-schedules",
      "type": "string"
    },
    "scheduler_role_arn": {
      "value": "arn:aws:iam::631534400818:role/cpgm-prod-eventbridge-scheduler-role",
      "type": "string"
    },
    "scheduler_role_name": {
      "value": "cpgm-prod-eventbridge-scheduler-role",
      "type": "string"
    }
  },
  "resources": [
    {
      "module": "module.eventbridge",
      "mode": "managed",
      "type": "aws_cloudwatch_event_rule",
      "name": "this",
      "provider": "provider[\"registry.terraform.io/hashicorp/aws\"]",
      "instances": [
        {
          "index_key": "hourly_check",
          "schema_version": 1,
          "attributes": {
            "arn": "arn:aws:events:ap-northeast-1:631534400818:rule/cpgm-hourly-check",
            "description": "",
            "event_bus_name": "default",
            "event_pattern": null,
            "force_destroy": false,
            "id": "cpgm-hourly-check",
            "is_enabled": true,
            "name": "cpgm-hourly-check",
            "name_prefix": "",
            "region": "ap-northeast-1",
            "role_arn": "",
            "schedule_expression": "cron(0 12 * * ? *)",
            "state": "ENABLED",
            "tags": {
              "Environment": "PROD",
              "ManagedBy": "Terraform",
              "Project": "CampaignManagement"
            },
            "tags_all": {
              "Environment": "PROD",
              "ManagedBy": "Terraform",
              "Project": "CampaignManagement"
            }
          },
          "sensitive_attributes": [],
          "identity_schema_version": 0,
          "identity": {
            "account_id": "631534400818",
            "name": "cpgm-hourly-check",
            "region": "ap-northeast-1"
          },
          "private": "eyJzY2hlbWFfdmVyc2lvbiI6IjEifQ=="
        },
        {
          "index_key": "main_scheduler",
          "schema_version": 1,
          "attributes": {
            "arn": "arn:aws:events:ap-northeast-1:631534400818:rule/cpgm-scheduler",
            "description": "",
            "event_bus_name": "default",
            "event_pattern": null,
            "force_destroy": false,
            "id": "cpgm-scheduler",
            "is_enabled": true,
            "name": "cpgm-scheduler",
            "name_prefix": "",
            "region": "ap-northeast-1",
            "role_arn": "",
            "schedule_expression": "rate(1 hour)",
            "state": "ENABLED",
            "tags": {
              "Environment": "PROD",
              "ManagedBy": "Terraform",
              "Project": "CampaignManagement"
            },
            "tags_all": {
              "Environment": "PROD",
              "ManagedBy": "Terraform",
              "Project": "CampaignManagement"
            }
          },
          "sensitive_attributes": [],
          "identity_schema_version": 0,
          "identity": {
            "account_id": "631534400818",
            "name": "cpgm-scheduler",
            "region": "ap-northeast-1"
          },
          "private": "eyJzY2hlbWFfdmVyc2lvbiI6IjEifQ=="
        }
      ]
    },
    {
      "module": "module.eventbridge",
      "mode": "managed",
      "type": "aws_iam_role",
      "name": "scheduler_role",
      "provider": "provider[\"registry.terraform.io/hashicorp/aws\"]",
      "instances": [
        {
          "schema_version": 0,
          "attributes": {
            "arn": "arn:aws:iam::631534400818:role/cpgm-prod-eventbridge-scheduler-role",
            "assume_role_policy": "{\"Statement\":[{\"Action\":\"sts:AssumeRole\",\"Effect\":\"Allow\",\"Principal\":{\"Service\":\"scheduler.amazonaws.com\"}}],\"Version\":\"2012-10-17\"}",
            "create_date": "2026-06-19T11:13:17Z",
            "description": "",
            "force_detach_policies": false,
            "id": "cpgm-prod-eventbridge-scheduler-role",
            "inline_policy": [],
            "managed_policy_arns": [],
            "max_session_duration": 3600,
            "name": "cpgm-prod-eventbridge-scheduler-role",
            "name_prefix": "",
            "path": "/",
            "permissions_boundary": "",
            "tags": {
              "Environment": "PROD",
              "ManagedBy": "Terraform",
              "Project": "CampaignManagement"
            },
            "tags_all": {
              "Environment": "PROD",
              "ManagedBy": "Terraform",
              "Project": "CampaignManagement"
            },
            "unique_id": "AROAZGCTCGUZAW6MOSCP4"
          },
          "sensitive_attributes": [],
          "identity_schema_version": 0,
          "identity": {
            "account_id": "631534400818",
            "name": "cpgm-prod-eventbridge-scheduler-role"
          },
          "private": "bnVsbA=="
        }
      ]
    },
    {
      "module": "module.eventbridge",
      "mode": "managed",
      "type": "aws_scheduler_schedule_group",
      "name": "this",
      "provider": "provider[\"registry.terraform.io/hashicorp/aws\"]",
      "instances": [
        {
          "schema_version": 0,
          "attributes": {
            "arn": "arn:aws:scheduler:ap-northeast-1:631534400818:schedule-group/cpgm-prod-schedules",
            "creation_date": "2026-06-19T11:13:17Z",
            "id": "cpgm-prod-schedules",
            "last_modification_date": "2026-06-19T11:13:17Z",
            "name": "cpgm-prod-schedules",
            "name_prefix": "",
            "region": "ap-northeast-1",
            "state": "ACTIVE",
            "tags": {
              "Environment": "PROD",
              "ManagedBy": "Terraform",
              "Project": "CampaignManagement"
            },
            "tags_all": {
              "Environment": "PROD",
              "ManagedBy": "Terraform",
              "Project": "CampaignManagement"
            },
            "timeouts": null
          },
          "sensitive_attributes": [],
          "identity_schema_version": 0,
          "private": "eyJlMmJmYjczMC1lY2FhLTExZTYtOGY4OC0zNDM2M2JjN2M0YzAiOnsiY3JlYXRlIjozMDAwMDAwMDAwMDAsImRlbGV0ZSI6MzAwMDAwMDAwMDAwfX0="
        }
      ]
    },
    {
      "module": "module.lambda",
      "mode": "managed",
      "type": "aws_iam_role",
      "name": "lambda_role",
      "provider": "provider[\"registry.terraform.io/hashicorp/aws\"]",
      "instances": [
        {
          "index_key": "email_delivery",
          "schema_version": 0,
          "attributes": {
            "arn": "arn:aws:iam::631534400818:role/cpgm-prod-lambda-email-delivery-role",
            "assume_role_policy": "{\"Statement\":[{\"Action\":\"sts:AssumeRole\",\"Effect\":\"Allow\",\"Principal\":{\"Service\":\"lambda.amazonaws.com\"}}],\"Version\":\"2012-10-17\"}",
            "create_date": "2026-06-19T11:13:17Z",
            "description": "",
            "force_detach_policies": false,
            "id": "cpgm-prod-lambda-email-delivery-role",
            "inline_policy": [],
            "managed_policy_arns": [
              "arn:aws:iam::aws:policy/service-role/AWSLambdaBasicExecutionRole",
              "arn:aws:iam::aws:policy/service-role/AWSLambdaVPCAccessExecutionRole"
            ],
            "max_session_duration": 3600,
            "name": "cpgm-prod-lambda-email-delivery-role",
            "name_prefix": "",
            "path": "/",
            "permissions_boundary": "",
            "tags": {},
            "tags_all": {},
            "unique_id": "AROAZGCTCGUZKBH4SUQVU"
          },
          "sensitive_attributes": [],
          "identity_schema_version": 0,
          "identity": {
            "account_id": "631534400818",
            "name": "cpgm-prod-lambda-email-delivery-role"
          },
          "private": "bnVsbA=="
        },
        {
          "index_key": "quality_check",
          "schema_version": 0,
          "attributes": {
            "arn": "arn:aws:iam::631534400818:role/cpgm-prod-lambda-quality-check-role",
            "assume_role_policy": "{\"Statement\":[{\"Action\":\"sts:AssumeRole\",\"Effect\":\"Allow\",\"Principal\":{\"Service\":\"lambda.amazonaws.com\"}}],\"Version\":\"2012-10-17\"}",
            "create_date": "2026-06-19T11:13:17Z",
            "description": "",
            "force_detach_policies": false,
            "id": "cpgm-prod-lambda-quality-check-role",
            "inline_policy": [],
            "managed_policy_arns": [
              "arn:aws:iam::aws:policy/service-role/AWSLambdaBasicExecutionRole",
              "arn:aws:iam::aws:policy/service-role/AWSLambdaVPCAccessExecutionRole"
            ],
            "max_session_duration": 3600,
            "name": "cpgm-prod-lambda-quality-check-role",
            "name_prefix": "",
            "path": "/",
            "permissions_boundary": "",
            "tags": {},
            "tags_all": {},
            "unique_id": "AROAZGCTCGUZLE6SF6LTK"
          },
          "sensitive_attributes": [],
          "identity_schema_version": 0,
          "identity": {
            "account_id": "631534400818",
            "name": "cpgm-prod-lambda-quality-check-role"
          },
          "private": "bnVsbA=="
        }
      ]
    },
    {
      "module": "module.lambda",
      "mode": "managed",
      "type": "aws_iam_role_policy_attachment",
      "name": "basic",
      "provider": "provider[\"registry.terraform.io/hashicorp/aws\"]",
      "instances": [
        {
          "index_key": "email_delivery",
          "schema_version": 0,
          "attributes": {
            "id": "cpgm-prod-lambda-email-delivery-role/arn:aws:iam::aws:policy/service-role/AWSLambdaBasicExecutionRole",
            "policy_arn": "arn:aws:iam::aws:policy/service-role/AWSLambdaBasicExecutionRole",
            "role": "cpgm-prod-lambda-email-delivery-role"
          },
          "sensitive_attributes": [],
          "identity_schema_version": 0,
          "identity": {
            "account_id": "631534400818",
            "policy_arn": "arn:aws:iam::aws:policy/service-role/AWSLambdaBasicExecutionRole",
            "role": "cpgm-prod-lambda-email-delivery-role"
          },
          "private": "bnVsbA==",
          "dependencies": [
            "module.lambda.aws_iam_role.lambda_role"
          ]
        },
        {
          "index_key": "quality_check",
          "schema_version": 0,
          "attributes": {
            "id": "cpgm-prod-lambda-quality-check-role/arn:aws:iam::aws:policy/service-role/AWSLambdaBasicExecutionRole",
            "policy_arn": "arn:aws:iam::aws:policy/service-role/AWSLambdaBasicExecutionRole",
            "role": "cpgm-prod-lambda-quality-check-role"
          },
          "sensitive_attributes": [],
          "identity_schema_version": 0,
          "identity": {
            "account_id": "631534400818",
            "policy_arn": "arn:aws:iam::aws:policy/service-role/AWSLambdaBasicExecutionRole",
            "role": "cpgm-prod-lambda-quality-check-role"
          },
          "private": "bnVsbA==",
          "dependencies": [
            "module.lambda.aws_iam_role.lambda_role"
          ]
        }
      ]
    },
    {
      "module": "module.lambda",
      "mode": "managed",
      "type": "aws_iam_role_policy_attachment",
      "name": "vpc",
      "provider": "provider[\"registry.terraform.io/hashicorp/aws\"]",
      "instances": [
        {
          "index_key": "email_delivery",
          "schema_version": 0,
          "attributes": {
            "id": "cpgm-prod-lambda-email-delivery-role/arn:aws:iam::aws:policy/service-role/AWSLambdaVPCAccessExecutionRole",
            "policy_arn": "arn:aws:iam::aws:policy/service-role/AWSLambdaVPCAccessExecutionRole",
            "role": "cpgm-prod-lambda-email-delivery-role"
          },
          "sensitive_attributes": [],
          "identity_schema_version": 0,
          "identity": {
            "account_id": "631534400818",
            "policy_arn": "arn:aws:iam::aws:policy/service-role/AWSLambdaVPCAccessExecutionRole",
            "role": "cpgm-prod-lambda-email-delivery-role"
          },
          "private": "bnVsbA==",
          "dependencies": [
            "module.lambda.aws_iam_role.lambda_role"
          ]
        },
        {
          "index_key": "quality_check",
          "schema_version": 0,
          "attributes": {
            "id": "cpgm-prod-lambda-quality-check-role/arn:aws:iam::aws:policy/service-role/AWSLambdaVPCAccessExecutionRole",
            "policy_arn": "arn:aws:iam::aws:policy/service-role/AWSLambdaVPCAccessExecutionRole",
            "role": "cpgm-prod-lambda-quality-check-role"
          },
          "sensitive_attributes": [],
          "identity_schema_version": 0,
          "identity": {
            "account_id": "631534400818",
            "policy_arn": "arn:aws:iam::aws:policy/service-role/AWSLambdaVPCAccessExecutionRole",
            "role": "cpgm-prod-lambda-quality-check-role"
          },
          "private": "bnVsbA==",
          "dependencies": [
            "module.lambda.aws_iam_role.lambda_role"
          ]
        }
      ]
    }
  ],
  "check_results": null
}
